
Microsoft Visual Studio Solution File, Format Version 12.00
# Visual Studio Version 17
VisualStudioVersion = 17.0.32014.148
MinimumVisualStudioVersion = 10.0.40219.1
Project("{FAE04EC0-301F-11D3-BF4B-00C04F79EFBC}") = "Processo_Seletivo", "Processo_Seletivo.csproj", "{ED37FDF9-7CF5-40EF-80EB-6CA1E1FA5B58}"
EndProject
Global
	GlobalSection(SolutionConfigurationPlatforms) = preSolution
		Debug|Any CPU = Debug|Any CPU
		Release|Any CPU = Release|Any CPU
	EndGlobalSection
	GlobalSection(ProjectConfigurationPlatforms) = postSolution
		{ED37FDF9-7CF5-40EF-80EB-6CA1E1FA5B58}.Debug|Any CPU.ActiveCfg = Debug|Any CPU
		{ED37FDF9-7CF5-40EF-80EB-6CA1E1FA5B58}.Debug|Any CPU.Build.0 = Debug|Any CPU
		{ED37FDF9-7CF5-40EF-80EB-6CA1E1FA5B58}.Release|Any CPU.ActiveCfg = Release|Any CPU
		{ED37FDF9-7CF5-40EF-80EB-6CA1E1FA5B58}.Release|Any CPU.Build.0 = Release|Any CPU
	EndGlobalSection
	GlobalSection(SolutionProperties) = preSolution
		HideSolutionNode = FALSE
	EndGlobalSection
	GlobalSection(ExtensibilityGlobals) = postSolution
		SolutionGuid = {52CD0E02-3D9B-4032-ACCF-125B65A1164B}
	EndGlobalSection
EndGlobal
